// !$*UTF8*$!
{
	archiveVersion = 1;
	classes = {
	};
	objectVersion = 46;
	objects = {

/* Begin PBXBuildFile section */
		690ADF0C161BE536001DCA06 /* main.c in Sources */ = {isa = PBXBuildFile; fileRef = 690ADF0B161BE536001DCA06 /* main.c */; };
		690ADF15161BE5DD001DCA06 /* coff_parser.c in Sources */ = {isa = PBXBuildFile; fileRef = 690ADF14161BE5DD001DCA06 /* coff_parser.c */; };
		690FDEBD1639F1C5008EBC43 /* sim.c in Sources */ = {isa = PBXBuildFile; fileRef = 690FDEBC1639F1C5008EBC43 /* sim.c */; };
		690FDEBF1639F449008EBC43 /* peripheral.c in Sources */ = {isa = PBXBuildFile; fileRef = 690FDEBE1639F449008EBC43 /* peripheral.c */; };
		690FDEC11639F892008EBC43 /* peri_isr.c in Sources */ = {isa = PBXBuildFile; fileRef = 690FDEC01639F892008EBC43 /* peri_isr.c */; };
		690FDEC3163A442E008EBC43 /* main.txt in Sources */ = {isa = PBXBuildFile; fileRef = 690FDEC2163A442E008EBC43 /* main.txt */; };
		6923CB55163630A0007EFAD1 /* snippets.txt in Sources */ = {isa = PBXBuildFile; fileRef = 6923CB54163630A0007EFAD1 /* snippets.txt */; };
		6958E9AE161F96E600D2B690 /* hex_parser.c in Sources */ = {isa = PBXBuildFile; fileRef = 6958E9AD161F96E600D2B690 /* hex_parser.c */; };
		6958E9B5161F9E2200D2B690 /* ascii.c in Sources */ = {isa = PBXBuildFile; fileRef = 6958E9B4161F9E2200D2B690 /* ascii.c */; };
		6958E9B9161FBA2A00D2B690 /* mem.c in Sources */ = {isa = PBXBuildFile; fileRef = 6958E9B8161FBA2A00D2B690 /* mem.c */; };
		6958E9BD161FC03C00D2B690 /* core_24f.c in Sources */ = {isa = PBXBuildFile; fileRef = 6958E9BC161FC03C00D2B690 /* core_24f.c */; };
		6958E9C0161FEC5100D2B690 /* core_24f_opcode.c in Sources */ = {isa = PBXBuildFile; fileRef = 6958E9BF161FEC5100D2B690 /* core_24f_opcode.c */; };
		69E7B6BD161D2E1C002588BF /* cpu.c in Sources */ = {isa = PBXBuildFile; fileRef = 69E7B6BC161D2E1C002588BF /* cpu.c */; };
/* End PBXBuildFile section */

/* Begin PBXCopyFilesBuildPhase section */
		690ADF05161BE536001DCA06 /* CopyFiles */ = {
			isa = PBXCopyFilesBuildPhase;
			buildActionMask = 2147483647;
			dstPath = /usr/share/man/man1/;
			dstSubfolderSpec = 0;
			files = (
			);
			runOnlyForDeploymentPostprocessing = 1;
		};
/* End PBXCopyFilesBuildPhase section */

/* Begin PBXFileReference section */
		6907C71B1627AB80000A513F /* main.cof */ = {isa = PBXFileReference; lastKnownFileType = file; name = main.cof; path = InputFiles/main.cof; sourceTree = "<group>"; };
		6907C71C1627AB80000A513F /* main.err */ = {isa = PBXFileReference; fileEncoding = 4; lastKnownFileType = text; name = main.err; path = InputFiles/main.err; sourceTree = "<group>"; };
		6907C71D1627AB80000A513F /* main.esym */ = {isa = PBXFileReference; fileEncoding = 4; lastKnownFileType = text; name = main.esym; path = InputFiles/main.esym; sourceTree = "<group>"; };
		6907C71E1627AB80000A513F /* main.exe */ = {isa = PBXFileReference; lastKnownFileType = file; name = main.exe; path = InputFiles/main.exe; sourceTree = "<group>"; };
		6907C71F1627AB80000A513F /* main.hex */ = {isa = PBXFileReference; fileEncoding = 4; lastKnownFileType = text; name = main.hex; path = InputFiles/main.hex; sourceTree = "<group>"; };
		6907C7201627AB80000A513F /* main.lst */ = {isa = PBXFileReference; fileEncoding = 4; lastKnownFileType = text; name = main.lst; path = InputFiles/main.lst; sourceTree = "<group>"; };
		6907C7211627AB80000A513F /* main.sta */ = {isa = PBXFileReference; fileEncoding = 4; lastKnownFileType = text; name = main.sta; path = InputFiles/main.sta; sourceTree = "<group>"; };
		6907C7221627AB80000A513F /* main.sym */ = {isa = PBXFileReference; fileEncoding = 4; lastKnownFileType = text; name = main.sym; path = InputFiles/main.sym; sourceTree = "<group>"; };
		6907C7231627AB80000A513F /* main.tre */ = {isa = PBXFileReference; fileEncoding = 4; lastKnownFileType = text; name = main.tre; path = InputFiles/main.tre; sourceTree = "<group>"; };
		690ADF07161BE536001DCA06 /* Sipic */ = {isa = PBXFileReference; explicitFileType = "compiled.mach-o.executable"; includeInIndex = 0; path = Sipic; sourceTree = BUILT_PRODUCTS_DIR; };
		690ADF0B161BE536001DCA06 /* main.c */ = {isa = PBXFileReference; lastKnownFileType = sourcecode.c.c; path = main.c; sourceTree = "<group>"; };
		690ADF14161BE5DD001DCA06 /* coff_parser.c */ = {isa = PBXFileReference; fileEncoding = 4; lastKnownFileType = sourcecode.c.c; path = coff_parser.c; sourceTree = "<group>"; };
		690ADF16161BE613001DCA06 /* coff_parser.h */ = {isa = PBXFileReference; lastKnownFileType = sourcecode.c.h; path = coff_parser.h; sourceTree = "<group>"; };
		690ADF17161BEBB6001DCA06 /* cpu.h */ = {isa = PBXFileReference; lastKnownFileType = sourcecode.c.h; path = cpu.h; sourceTree = "<group>"; };
		690ADF18161BEF0F001DCA06 /* coff_cfg.h */ = {isa = PBXFileReference; lastKnownFileType = sourcecode.c.h; path = coff_cfg.h; sourceTree = "<group>"; };
		690FDEB71639EFF1008EBC43 /* peripheral.h */ = {isa = PBXFileReference; lastKnownFileType = sourcecode.c.h; path = peripheral.h; sourceTree = "<group>"; };
		690FDEBA1639F03C008EBC43 /* sim.h */ = {isa = PBXFileReference; lastKnownFileType = sourcecode.c.h; path = sim.h; sourceTree = "<group>"; };
		690FDEBB1639F047008EBC43 /* hardware.h */ = {isa = PBXFileReference; lastKnownFileType = sourcecode.c.h; path = hardware.h; sourceTree = "<group>"; };
		690FDEBC1639F1C5008EBC43 /* sim.c */ = {isa = PBXFileReference; fileEncoding = 4; lastKnownFileType = sourcecode.c.c; path = sim.c; sourceTree = "<group>"; };
		690FDEBE1639F449008EBC43 /* peripheral.c */ = {isa = PBXFileReference; fileEncoding = 4; lastKnownFileType = sourcecode.c.c; path = peripheral.c; sourceTree = "<group>"; };
		690FDEC01639F892008EBC43 /* peri_isr.c */ = {isa = PBXFileReference; fileEncoding = 4; lastKnownFileType = sourcecode.c.c; path = peri_isr.c; sourceTree = "<group>"; };
		690FDEC2163A442E008EBC43 /* main.txt */ = {isa = PBXFileReference; lastKnownFileType = text; name = main.txt; path = InputFiles/main.txt; sourceTree = "<group>"; };
		6923CB54163630A0007EFAD1 /* snippets.txt */ = {isa = PBXFileReference; fileEncoding = 4; lastKnownFileType = text; path = snippets.txt; sourceTree = "<group>"; };
		692FD1991648A04A008089DD /* main.h */ = {isa = PBXFileReference; fileEncoding = 4; lastKnownFileType = sourcecode.c.h; path = main.h; sourceTree = "<group>"; };
		6958E9AC161F96D900D2B690 /* hex_parser.h */ = {isa = PBXFileReference; lastKnownFileType = sourcecode.c.h; path = hex_parser.h; sourceTree = "<group>"; };
		6958E9AD161F96E600D2B690 /* hex_parser.c */ = {isa = PBXFileReference; fileEncoding = 4; lastKnownFileType = sourcecode.c.c; path = hex_parser.c; sourceTree = "<group>"; };
		6958E9AF161F96FC00D2B690 /* hex_cfg.h */ = {isa = PBXFileReference; lastKnownFileType = sourcecode.c.h; path = hex_cfg.h; sourceTree = "<group>"; };
		6958E9B1161F9A4800D2B690 /* sipic_cfg.h */ = {isa = PBXFileReference; lastKnownFileType = sourcecode.c.h; path = sipic_cfg.h; sourceTree = "<group>"; };
		6958E9B3161F9E1300D2B690 /* ascii.h */ = {isa = PBXFileReference; lastKnownFileType = sourcecode.c.h; path = ascii.h; sourceTree = "<group>"; };
		6958E9B4161F9E2200D2B690 /* ascii.c */ = {isa = PBXFileReference; fileEncoding = 4; lastKnownFileType = sourcecode.c.c; path = ascii.c; sourceTree = "<group>"; };
		6958E9B7161FBA2000D2B690 /* mem.h */ = {isa = PBXFileReference; lastKnownFileType = sourcecode.c.h; path = mem.h; sourceTree = "<group>"; };
		6958E9B8161FBA2A00D2B690 /* mem.c */ = {isa = PBXFileReference; fileEncoding = 4; lastKnownFileType = sourcecode.c.c; path = mem.c; sourceTree = "<group>"; };
		6958E9BB161FC03000D2B690 /* core_24f.h */ = {isa = PBXFileReference; lastKnownFileType = sourcecode.c.h; path = core_24f.h; sourceTree = "<group>"; };
		6958E9BC161FC03C00D2B690 /* core_24f.c */ = {isa = PBXFileReference; fileEncoding = 4; lastKnownFileType = sourcecode.c.c; path = core_24f.c; sourceTree = "<group>"; };
		6958E9BE161FEC4100D2B690 /* core_24f_opcode.h */ = {isa = PBXFileReference; lastKnownFileType = sourcecode.c.h; path = core_24f_opcode.h; sourceTree = "<group>"; };
		6958E9BF161FEC5100D2B690 /* core_24f_opcode.c */ = {isa = PBXFileReference; fileEncoding = 4; lastKnownFileType = sourcecode.c.c; path = core_24f_opcode.c; sourceTree = "<group>"; };
		6958E9C11620BE7B00D2B690 /* mem_cfg.h */ = {isa = PBXFileReference; lastKnownFileType = sourcecode.c.h; path = mem_cfg.h; sourceTree = "<group>"; };
		6958E9C21620C49900D2B690 /* err.h */ = {isa = PBXFileReference; lastKnownFileType = sourcecode.c.h; path = err.h; sourceTree = "<group>"; };
		69E367CC1624DEE900A38020 /* mem_cfg_24f3011.h */ = {isa = PBXFileReference; lastKnownFileType = sourcecode.c.h; path = mem_cfg_24f3011.h; sourceTree = "<group>"; };
		69E7B6BC161D2E1C002588BF /* cpu.c */ = {isa = PBXFileReference; fileEncoding = 4; lastKnownFileType = sourcecode.c.c; path = cpu.c; sourceTree = "<group>"; };
/* End PBXFileReference section */

/* Begin PBXFrameworksBuildPhase section */
		690ADF04161BE536001DCA06 /* Frameworks */ = {
			isa = PBXFrameworksBuildPhase;
			buildActionMask = 2147483647;
			files = (
			);
			runOnlyForDeploymentPostprocessing = 0;
		};
/* End PBXFrameworksBuildPhase section */

/* Begin PBXGroup section */
		6907C7191627AAD8000A513F /* Input Files */ = {
			isa = PBXGroup;
			children = (
				690FDEC2163A442E008EBC43 /* main.txt */,
				6907C71B1627AB80000A513F /* main.cof */,
				6907C71C1627AB80000A513F /* main.err */,
				6907C71D1627AB80000A513F /* main.esym */,
				6907C71E1627AB80000A513F /* main.exe */,
				6907C71F1627AB80000A513F /* main.hex */,
				6907C7201627AB80000A513F /* main.lst */,
				6907C7211627AB80000A513F /* main.sta */,
				6907C7221627AB80000A513F /* main.sym */,
				6907C7231627AB80000A513F /* main.tre */,
			);
			name = "Input Files";
			sourceTree = "<group>";
		};
		690ADEFC161BE535001DCA06 = {
			isa = PBXGroup;
			children = (
				690ADF0A161BE536001DCA06 /* Sipic */,
				690ADF08161BE536001DCA06 /* Products */,
			);
			sourceTree = "<group>";
		};
		690ADF08161BE536001DCA06 /* Products */ = {
			isa = PBXGroup;
			children = (
				690ADF07161BE536001DCA06 /* Sipic */,
			);
			name = Products;
			sourceTree = "<group>";
		};
		690ADF0A161BE536001DCA06 /* Sipic */ = {
			isa = PBXGroup;
			children = (
				6907C7191627AAD8000A513F /* Input Files */,
				690FDEB91639F02E008EBC43 /* Hardware */,
				690FDEB81639F026008EBC43 /* Simulation */,
				690FDEB51639EF9A008EBC43 /* Peripherals */,
				6958E9BA161FC01400D2B690 /* 24FCore */,
				6958E9B6161FBA0F00D2B690 /* Mem */,
				6958E9B2161F9E0600D2B690 /* ASCII */,
				6958E9A9161F965D00D2B690 /* COFF */,
				6958E9B0161F974200D2B690 /* CPU */,
				6958E9AB161F969500D2B690 /* HEX */,
				690ADF0B161BE536001DCA06 /* main.c */,
				692FD1991648A04A008089DD /* main.h */,
				6958E9B1161F9A4800D2B690 /* sipic_cfg.h */,
				6958E9C21620C49900D2B690 /* err.h */,
				69E367CC1624DEE900A38020 /* mem_cfg_24f3011.h */,
				6923CB54163630A0007EFAD1 /* snippets.txt */,
			);
			path = Sipic;
			sourceTree = "<group>";
		};
		690FDEB51639EF9A008EBC43 /* Peripherals */ = {
			isa = PBXGroup;
			children = (
				690FDEB71639EFF1008EBC43 /* peripheral.h */,
				690FDEBE1639F449008EBC43 /* peripheral.c */,
				690FDEC01639F892008EBC43 /* peri_isr.c */,
			);
			name = Peripherals;
			sourceTree = "<group>";
		};
		690FDEB81639F026008EBC43 /* Simulation */ = {
			isa = PBXGroup;
			children = (
				690FDEBA1639F03C008EBC43 /* sim.h */,
				690FDEBC1639F1C5008EBC43 /* sim.c */,
			);
			name = Simulation;
			sourceTree = "<group>";
		};
		690FDEB91639F02E008EBC43 /* Hardware */ = {
			isa = PBXGroup;
			children = (
				690FDEBB1639F047008EBC43 /* hardware.h */,
			);
			name = Hardware;
			sourceTree = "<group>";
		};
		6958E9A9161F965D00D2B690 /* COFF */ = {
			isa = PBXGroup;
			children = (
				690ADF14161BE5DD001DCA06 /* coff_parser.c */,
				690ADF16161BE613001DCA06 /* coff_parser.h */,
				690ADF18161BEF0F001DCA06 /* coff_cfg.h */,
			);
			name = COFF;
			sourceTree = "<group>";
		};
		6958E9AB161F969500D2B690 /* HEX */ = {
			isa = PBXGroup;
			children = (
				6958E9AD161F96E600D2B690 /* hex_parser.c */,
				6958E9AC161F96D900D2B690 /* hex_parser.h */,
				6958E9AF161F96FC00D2B690 /* hex_cfg.h */,
			);
			name = HEX;
			sourceTree = "<group>";
		};
		6958E9B0161F974200D2B690 /* CPU */ = {
			isa = PBXGroup;
			children = (
				690ADF17161BEBB6001DCA06 /* cpu.h */,
				69E7B6BC161D2E1C002588BF /* cpu.c */,
			);
			name = CPU;
			sourceTree = "<group>";
		};
		6958E9B2161F9E0600D2B690 /* ASCII */ = {
			isa = PBXGroup;
			children = (
				6958E9B3161F9E1300D2B690 /* ascii.h */,
				6958E9B4161F9E2200D2B690 /* ascii.c */,
			);
			name = ASCII;
			sourceTree = "<group>";
		};
		6958E9B6161FBA0F00D2B690 /* Mem */ = {
			isa = PBXGroup;
			children = (
				6958E9B8161FBA2A00D2B690 /* mem.c */,
				6958E9B7161FBA2000D2B690 /* mem.h */,
				6958E9C11620BE7B00D2B690 /* mem_cfg.h */,
			);
			name = Mem;
			sourceTree = "<group>";
		};
		6958E9BA161FC01400D2B690 /* 24FCore */ = {
			isa = PBXGroup;
			children = (
				6958E9BC161FC03C00D2B690 /* core_24f.c */,
				6958E9BB161FC03000D2B690 /* core_24f.h */,
				6958E9BF161FEC5100D2B690 /* core_24f_opcode.c */,
				6958E9BE161FEC4100D2B690 /* core_24f_opcode.h */,
			);
			name = 24FCore;
			sourceTree = "<group>";
		};
/* End PBXGroup section */

/* Begin PBXNativeTarget section */
		690ADF06161BE536001DCA06 /* Sipic */ = {
			isa = PBXNativeTarget;
			buildConfigurationList = 690ADF11161BE536001DCA06 /* Build configuration list for PBXNativeTarget "Sipic" */;
			buildPhases = (
				690ADF03161BE536001DCA06 /* Sources */,
				690ADF04161BE536001DCA06 /* Frameworks */,
				690ADF05161BE536001DCA06 /* CopyFiles */,
			);
			buildRules = (
			);
			dependencies = (
			);
			name = Sipic;
			productName = Sipic;
			productReference = 690ADF07161BE536001DCA06 /* Sipic */;
			productType = "com.apple.product-type.tool";
		};
/* End PBXNativeTarget section */

/* Begin PBXProject section */
		690ADEFE161BE536001DCA06 /* Project object */ = {
			isa = PBXProject;
			attributes = {
				LastUpgradeCheck = 0450;
				ORGANIZATIONNAME = "Alexis Ouellet-Patenaude";
			};
			buildConfigurationList = 690ADF01161BE536001DCA06 /* Build configuration list for PBXProject "Sipic" */;
			compatibilityVersion = "Xcode 3.2";
			developmentRegion = English;
			hasScannedForEncodings = 0;
			knownRegions = (
				en,
			);
			mainGroup = 690ADEFC161BE535001DCA06;
			productRefGroup = 690ADF08161BE536001DCA06 /* Products */;
			projectDirPath = "";
			projectRoot = "";
			targets = (
				690ADF06161BE536001DCA06 /* Sipic */,
			);
		};
/* End PBXProject section */

/* Begin PBXSourcesBuildPhase section */
		690ADF03161BE536001DCA06 /* Sources */ = {
			isa = PBXSourcesBuildPhase;
			buildActionMask = 2147483647;
			files = (
				690ADF0C161BE536001DCA06 /* main.c in Sources */,
				690ADF15161BE5DD001DCA06 /* coff_parser.c in Sources */,
				69E7B6BD161D2E1C002588BF /* cpu.c in Sources */,
				6958E9AE161F96E600D2B690 /* hex_parser.c in Sources */,
				6958E9B5161F9E2200D2B690 /* ascii.c in Sources */,
				6958E9B9161FBA2A00D2B690 /* mem.c in Sources */,
				6958E9BD161FC03C00D2B690 /* core_24f.c in Sources */,
				6958E9C0161FEC5100D2B690 /* core_24f_opcode.c in Sources */,
				6923CB55163630A0007EFAD1 /* snippets.txt in Sources */,
				690FDEBD1639F1C5008EBC43 /* sim.c in Sources */,
				690FDEBF1639F449008EBC43 /* peripheral.c in Sources */,
				690FDEC11639F892008EBC43 /* peri_isr.c in Sources */,
				690FDEC3163A442E008EBC43 /* main.txt in Sources */,
			);
			runOnlyForDeploymentPostprocessing = 0;
		};
/* End PBXSourcesBuildPhase section */

/* Begin XCBuildConfiguration section */
		690ADF0F161BE536001DCA06 /* Debug */ = {
			isa = XCBuildConfiguration;
			buildSettings = {
				ALWAYS_SEARCH_USER_PATHS = YES;
				ARCHS = "$(ARCHS_STANDARD_64_BIT)";
				CLANG_CXX_LANGUAGE_STANDARD = "gnu++0x";
				CLANG_CXX_LIBRARY = "libc++";
				CLANG_ENABLE_OBJC_ARC = YES;
				CLANG_WARN_EMPTY_BODY = YES;
				CLANG_WARN__DUPLICATE_METHOD_MATCH = YES;
				COPY_PHASE_STRIP = NO;
				GCC_C_LANGUAGE_STANDARD = gnu99;
				GCC_DYNAMIC_NO_PIC = NO;
				GCC_ENABLE_OBJC_EXCEPTIONS = YES;
				GCC_OPTIMIZATION_LEVEL = 0;
				GCC_PREPROCESSOR_DEFINITIONS = (
					"DEBUG=1",
					"$(inherited)",
				);
				GCC_SYMBOLS_PRIVATE_EXTERN = NO;
				GCC_WARN_64_TO_32_BIT_CONVERSION = YES;
				GCC_WARN_ABOUT_RETURN_TYPE = YES;
				GCC_WARN_UNINITIALIZED_AUTOS = YES;
				GCC_WARN_UNUSED_VARIABLE = YES;
				MACOSX_DEPLOYMENT_TARGET = 10.8;
				ONLY_ACTIVE_ARCH = YES;
				SDKROOT = macosx;
			};
			name = Debug;
		};
		690ADF10161BE536001DCA06 /* Release */ = {
			isa = XCBuildConfiguration;
			buildSettings = {
				ALWAYS_SEARCH_USER_PATHS = YES;
				ARCHS = "$(ARCHS_STANDARD_64_BIT)";
				CLANG_CXX_LANGUAGE_STANDARD = "gnu++0x";
				CLANG_CXX_LIBRARY = "libc++";
				CLANG_ENABLE_OBJC_ARC = YES;
				CLANG_WARN_EMPTY_BODY = YES;
				CLANG_WARN__DUPLICATE_METHOD_MATCH = YES;
				COPY_PHASE_STRIP = YES;
				DEBUG_INFORMATION_FORMAT = "dwarf-with-dsym";
				GCC_C_LANGUAGE_STANDARD = gnu99;
				GCC_ENABLE_OBJC_EXCEPTIONS = YES;
				GCC_WARN_64_TO_32_BIT_CONVERSION = YES;
				GCC_WARN_ABOUT_RETURN_TYPE = YES;
				GCC_WARN_UNINITIALIZED_AUTOS = YES;
				GCC_WARN_UNUSED_VARIABLE = YES;
				MACOSX_DEPLOYMENT_TARGET = 10.8;
				SDKROOT = macosx;
			};
			name = Release;
		};
		690ADF12161BE536001DCA06 /* Debug */ = {
			isa = XCBuildConfiguration;
			buildSettings = {
				PRODUCT_NAME = "$(TARGET_NAME)";
			};
			name = Debug;
		};
		690ADF13161BE536001DCA06 /* Release */ = {
			isa = XCBuildConfiguration;
			buildSettings = {
				PRODUCT_NAME = "$(TARGET_NAME)";
			};
			name = Release;
		};
/* End XCBuildConfiguration section */

/* Begin XCConfigurationList section */
		690ADF01161BE536001DCA06 /* Build configuration list for PBXProject "Sipic" */ = {
			isa = XCConfigurationList;
			buildConfigurations = (
				690ADF0F161BE536001DCA06 /* Debug */,
				690ADF10161BE536001DCA06 /* Release */,
			);
			defaultConfigurationIsVisible = 0;
			defaultConfigurationName = Release;
		};
		690ADF11161BE536001DCA06 /* Build configuration list for PBXNativeTarget "Sipic" */ = {
			isa = XCConfigurationList;
			buildConfigurations = (
				690ADF12161BE536001DCA06 /* Debug */,
				690ADF13161BE536001DCA06 /* Release */,
			);
			defaultConfigurationIsVisible = 0;
			defaultConfigurationName = Release;
		};
/* End XCConfigurationList section */
	};
	rootObject = 690ADEFE161BE536001DCA06 /* Project object */;
}
